
Microsoft Visual Studio Solution File, Format Version 12.00
# Visual Studio Version 17
VisualStudioVersion = 17.12.35514.174
MinimumVisualStudioVersion = 10.0.40219.1
Project("{2150E333-8FDC-42A3-9474-1A3956D46DE8}") = "src", "src", "{A1BDB296-5A7E-4577-8AB8-0814FB4FE78E}"
EndProject
Project("{2150E333-8FDC-42A3-9474-1A3956D46DE8}") = "tests", "tests", "{0DBD6574-4909-41E0-A08F-630452948641}"
EndProject
Project("{2150E333-8FDC-42A3-9474-1A3956D46DE8}") = "ApiGateways", "ApiGateways", "{D9CAE545-A648-43D7-8556-A03B41FD18CD}"
EndProject
Project("{2150E333-8FDC-42A3-9474-1A3956D46DE8}") = "BuildingBlocks", "BuildingBlocks", "{D3753DCD-01E3-4A13-8F21-1E866320BA29}"
EndProject
Project("{2150E333-8FDC-42A3-9474-1A3956D46DE8}") = "Services", "Services", "{EF675F26-FEB7-4AC3-AED7-4A59B4BC504B}"
EndProject
Project("{2150E333-8FDC-42A3-9474-1A3956D46DE8}") = "Catalog", "Catalog", "{C20D17BB-BCB7-4B9F-9982-5893D93411A3}"
EndProject
Project("{FAE04EC0-301F-11D3-BF4B-00C04F79EFBC}") = "Catalog.Api", "Catalog\Catalog.Api\Catalog.Api.csproj", "{214C078D-1E84-4E96-BFC6-3B370647B1F9}"
EndProject
Project("{FAE04EC0-301F-11D3-BF4B-00C04F79EFBC}") = "BuildingBlocks", "BuildingBlocks\BuildingBlocks.csproj", "{D59A1354-4384-413A-8462-1D622BF52FD1}"
EndProject
Project("{E53339B2-1760-4266-BCC7-CA923CBCF16C}") = "docker-compose", "docker-compose.dcproj", "{348A5522-AB7F-4F75-BC36-3DB4724BDA1C}"
EndProject
Global
	GlobalSection(SolutionConfigurationPlatforms) = preSolution
		Debug|Any CPU = Debug|Any CPU
		Release|Any CPU = Release|Any CPU
	EndGlobalSection
	GlobalSection(ProjectConfigurationPlatforms) = postSolution
		{214C078D-1E84-4E96-BFC6-3B370647B1F9}.Debug|Any CPU.ActiveCfg = Debug|Any CPU
		{214C078D-1E84-4E96-BFC6-3B370647B1F9}.Debug|Any CPU.Build.0 = Debug|Any CPU
		{214C078D-1E84-4E96-BFC6-3B370647B1F9}.Release|Any CPU.ActiveCfg = Release|Any CPU
		{214C078D-1E84-4E96-BFC6-3B370647B1F9}.Release|Any CPU.Build.0 = Release|Any CPU
		{D59A1354-4384-413A-8462-1D622BF52FD1}.Debug|Any CPU.ActiveCfg = Debug|Any CPU
		{D59A1354-4384-413A-8462-1D622BF52FD1}.Debug|Any CPU.Build.0 = Debug|Any CPU
		{D59A1354-4384-413A-8462-1D622BF52FD1}.Release|Any CPU.ActiveCfg = Release|Any CPU
		{D59A1354-4384-413A-8462-1D622BF52FD1}.Release|Any CPU.Build.0 = Release|Any CPU
		{348A5522-AB7F-4F75-BC36-3DB4724BDA1C}.Debug|Any CPU.ActiveCfg = Debug|Any CPU
		{348A5522-AB7F-4F75-BC36-3DB4724BDA1C}.Debug|Any CPU.Build.0 = Debug|Any CPU
		{348A5522-AB7F-4F75-BC36-3DB4724BDA1C}.Release|Any CPU.ActiveCfg = Release|Any CPU
		{348A5522-AB7F-4F75-BC36-3DB4724BDA1C}.Release|Any CPU.Build.0 = Release|Any CPU
	EndGlobalSection
	GlobalSection(SolutionProperties) = preSolution
		HideSolutionNode = FALSE
	EndGlobalSection
	GlobalSection(NestedProjects) = preSolution
		{D9CAE545-A648-43D7-8556-A03B41FD18CD} = {A1BDB296-5A7E-4577-8AB8-0814FB4FE78E}
		{D3753DCD-01E3-4A13-8F21-1E866320BA29} = {A1BDB296-5A7E-4577-8AB8-0814FB4FE78E}
		{EF675F26-FEB7-4AC3-AED7-4A59B4BC504B} = {A1BDB296-5A7E-4577-8AB8-0814FB4FE78E}
		{C20D17BB-BCB7-4B9F-9982-5893D93411A3} = {EF675F26-FEB7-4AC3-AED7-4A59B4BC504B}
		{214C078D-1E84-4E96-BFC6-3B370647B1F9} = {C20D17BB-BCB7-4B9F-9982-5893D93411A3}
		{D59A1354-4384-413A-8462-1D622BF52FD1} = {D3753DCD-01E3-4A13-8F21-1E866320BA29}
	EndGlobalSection
EndGlobal
